
Microsoft Visual Studio Solution File, Format Version 12.00
# Visual Studio 15
VisualStudioVersion = 15.0.28307.168
MinimumVisualStudioVersion = 10.0.40219.1
Project("{FAE04EC0-301F-11D3-BF4B-00C04F79EFBC}") = "ClinicManagement", "ClinicManagement\ClinicManagement.csproj", "{C071C7AA-6940-46EF-9CFA-769EBF91B59B}"
EndProject
Global
	GlobalSection(SolutionConfigurationPlatforms) = preSolution
		Debug|Any CPU = Debug|Any CPU
		Release|Any CPU = Release|Any CPU
	EndGlobalSection
	GlobalSection(ProjectConfigurationPlatforms) = postSolution
		{C071C7AA-6940-46EF-9CFA-769EBF91B59B}.Debug|Any CPU.ActiveCfg = Debug|Any CPU
		{C071C7AA-6940-46EF-9CFA-769EBF91B59B}.Debug|Any CPU.Build.0 = Debug|Any CPU
		{C071C7AA-6940-46EF-9CFA-769EBF91B59B}.Release|Any CPU.ActiveCfg = Release|Any CPU
		{C071C7AA-6940-46EF-9CFA-769EBF91B59B}.Release|Any CPU.Build.0 = Release|Any CPU
	EndGlobalSection
	GlobalSection(SolutionProperties) = preSolution
		HideSolutionNode = FALSE
	EndGlobalSection
	GlobalSection(ExtensibilityGlobals) = postSolution
		SolutionGuid = {27BDBC5E-E84C-4E05-87FA-05194A497DAE}
	EndGlobalSection
EndGlobal
